PODS:
  - Alamofire (4.5.0)
  - FMDB (2.7.2):
    - FMDB/standard (= 2.7.2)
  - FMDB/standard (2.7.2)
  - Kingfisher (4.8.0)
  - ReactiveCocoa (7.2.0):
    - ReactiveSwift (~> 3.1)
  - ReactiveSwift (3.1.0):
    - Result (~> 3.2)
  - Result (3.2.4)
  - SwiftyJSON (3.1.4)

DEPENDENCIES:
  - Alamofire
  - FMDB
  - Kingfisher
  - ReactiveCocoa
  - SwiftyJSON

SPEC REPOS:
  https://github.com/cocoapods/specs.git:
    - Alamofire
    - FMDB
    - Kingfisher
    - ReactiveCocoa
    - ReactiveSwift
    - Result
    - SwiftyJSON

SPEC CHECKSUMS:
  Alamofire: f28cdffd29de33a7bfa022cbd63ae95a27fae140
  FMDB: 6198a90e7b6900cfc046e6bc0ef6ebb7be9236aa
  Kingfisher: 976d828df2b24834c6a3f2fc4d82cdbd26552be1
  ReactiveCocoa: 476dae7ca790f40d30d186a1bd7ebae4290395d5
  ReactiveSwift: 5b26d2e988fe0eed2daf48c4054d1de74db50184
  Result: d2d07204ce72856f1fd9130bbe42c35a7b0fea10
  SwiftyJSON: c2842d878f95482ffceec5709abc3d05680c0220

PODFILE CHECKSUM: 955d33af66f4f83117912d18af887e36f6f94156

COCOAPODS: 1.5.3
